
Microsoft Visual Studio Solution File, Format Version 12.00
# Visual Studio Version 17
VisualStudioVersion = 17.6.33829.357
MinimumVisualStudioVersion = 10.0.40219.1
Project("{FAE04EC0-301F-11D3-BF4B-00C04F79EFBC}") = "Saved _Locations", "Saved _Locations.csproj", "{D13B7B52-A8F3-435C-944F-DAA6752D2EE2}"
EndProject
Global
	GlobalSection(SolutionConfigurationPlatforms) = preSolution
		Debug|Any CPU = Debug|Any CPU
		Release|Any CPU = Release|Any CPU
	EndGlobalSection
	GlobalSection(ProjectConfigurationPlatforms) = postSolution
		{D13B7B52-A8F3-435C-944F-DAA6752D2EE2}.Debug|Any CPU.ActiveCfg = Debug|Any CPU
		{D13B7B52-A8F3-435C-944F-DAA6752D2EE2}.Debug|Any CPU.Build.0 = Debug|Any CPU
		{D13B7B52-A8F3-435C-944F-DAA6752D2EE2}.Release|Any CPU.ActiveCfg = Release|Any CPU
		{D13B7B52-A8F3-435C-944F-DAA6752D2EE2}.Release|Any CPU.Build.0 = Release|Any CPU
	EndGlobalSection
	GlobalSection(SolutionProperties) = preSolution
		HideSolutionNode = FALSE
	EndGlobalSection
	GlobalSection(ExtensibilityGlobals) = postSolution
		SolutionGuid = {7C9AFE96-CF93-4D4B-B02F-BFA701D167E2}
	EndGlobalSection
EndGlobal
